// !$*UTF8*$!
{
	archiveVersion = 1;
	classes = {
	};
	objectVersion = 46;
	objects = {

/* Begin PBXBuildFile section */
		0A66D63DBE1C2B5C0F679F55 /* Pods_FireSwiffer.framework in Frameworks */ = {isa = PBXBuildFile; fileRef = 255765613FF42D60E439B859 /* Pods_FireSwiffer.framework */; };
		455E69D91D30FEBF009E40D5 /* SweetsTableViewController.swift in Sources */ = {isa = PBXBuildFile; fileRef = 455E69D81D30FEBF009E40D5 /* SweetsTableViewController.swift */; };
		455E69DB1D3101A1009E40D5 /* User.swift in Sources */ = {isa = PBXBuildFile; fileRef = 455E69DA1D3101A1009E40D5 /* User.swift */; };
		455E69DD1D3104FF009E40D5 /* Sweet.swift in Sources */ = {isa = PBXBuildFile; fileRef = 455E69DC1D3104FF009E40D5 /* Sweet.swift */; };
		45CC3F931D30F6F00020CFD2 /* AppDelegate.swift in Sources */ = {isa = PBXBuildFile; fileRef = 45CC3F921D30F6F00020CFD2 /* AppDelegate.swift */; };
		45CC3F981D30F6F00020CFD2 /* Main.storyboard in Resources */ = {isa = PBXBuildFile; fileRef = 45CC3F961D30F6F00020CFD2 /* Main.storyboard */; };
		45CC3F9A1D30F6F00020CFD2 /* Assets.xcassets in Resources */ = {isa = PBXBuildFile; fileRef = 45CC3F991D30F6F00020CFD2 /* Assets.xcassets */; };
		45CC3F9D1D30F6F00020CFD2 /* LaunchScreen.storyboard in Resources */ = {isa = PBXBuildFile; fileRef = 45CC3F9B1D30F6F00020CFD2 /* LaunchScreen.storyboard */; };
		45CC3FA81D30F6F10020CFD2 /* FireSwifferTests.swift in Sources */ = {isa = PBXBuildFile; fileRef = 45CC3FA71D30F6F10020CFD2 /* FireSwifferTests.swift */; };
		45CC3FB31D30F7040020CFD2 /* GoogleService-Info.plist in Resources */ = {isa = PBXBuildFile; fileRef = 45CC3FB21D30F7040020CFD2 /* GoogleService-Info.plist */; };
		F2AEFD657EFD1B598805EF60 /* Pods_FireSwifferTests.framework in Frameworks */ = {isa = PBXBuildFile; fileRef = 33A7E08C21A2BF0F6B16B901 /* Pods_FireSwifferTests.framework */; };
/* End PBXBuildFile section */

/* Begin PBXContainerItemProxy section */
		45CC3FA41D30F6F10020CFD2 /* PBXContainerItemProxy */ = {
			isa = PBXContainerItemProxy;
			containerPortal = 45CC3F871D30F6F00020CFD2 /* Project object */;
			proxyType = 1;
			remoteGlobalIDString = 45CC3F8E1D30F6F00020CFD2;
			remoteInfo = FireSwiffer;
		};
/* End PBXContainerItemProxy section */

/* Begin PBXFileReference section */
		250388706AE8AA03830A8D27 /* Pods-FireSwifferTests.release.xcconfig */ = {isa = PBXFileReference; includeInIndex = 1; lastKnownFileType = text.xcconfig; name = "Pods-FireSwifferTests.release.xcconfig"; path = "Pods/Target Support Files/Pods-FireSwifferTests/Pods-FireSwifferTests.release.xcconfig"; sourceTree = "<group>"; };
		255765613FF42D60E439B859 /* Pods_FireSwiffer.framework */ = {isa = PBXFileReference; explicitFileType = wrapper.framework; includeInIndex = 0; path = Pods_FireSwiffer.framework; sourceTree = BUILT_PRODUCTS_DIR; };
		26EF42AD102050B266EEF7A8 /* Pods-FireSwiffer.release.xcconfig */ = {isa = PBXFileReference; includeInIndex = 1; lastKnownFileType = text.xcconfig; name = "Pods-FireSwiffer.release.xcconfig"; path = "Pods/Target Support Files/Pods-FireSwiffer/Pods-FireSwiffer.release.xcconfig"; sourceTree = "<group>"; };
		33A7E08C21A2BF0F6B16B901 /* Pods_FireSwifferTests.framework */ = {isa = PBXFileReference; explicitFileType = wrapper.framework; includeInIndex = 0; path = Pods_FireSwifferTests.framework; sourceTree = BUILT_PRODUCTS_DIR; };
		455E69D81D30FEBF009E40D5 /* SweetsTableViewController.swift */ = {isa = PBXFileReference; fileEncoding = 4; lastKnownFileType = sourcecode.swift; path = SweetsTableViewController.swift; sourceTree = "<group>"; };
		455E69DA1D3101A1009E40D5 /* User.swift */ = {isa = PBXFileReference; fileEncoding = 4; lastKnownFileType = sourcecode.swift; path = User.swift; sourceTree = "<group>"; };
		455E69DC1D3104FF009E40D5 /* Sweet.swift */ = {isa = PBXFileReference; fileEncoding = 4; lastKnownFileType = sourcecode.swift; path = Sweet.swift; sourceTree = "<group>"; };
		45CC3F8F1D30F6F00020CFD2 /* FireSwiffer.app */ = {isa = PBXFileReference; explicitFileType = wrapper.application; includeInIndex = 0; path = FireSwiffer.app; sourceTree = BUILT_PRODUCTS_DIR; };
		45CC3F921D30F6F00020CFD2 /* AppDelegate.swift */ = {isa = PBXFileReference; lastKnownFileType = sourcecode.swift; path = AppDelegate.swift; sourceTree = "<group>"; };
		45CC3F971D30F6F00020CFD2 /* Base */ = {isa = PBXFileReference; lastKnownFileType = file.storyboard; name = Base; path = Base.lproj/Main.storyboard; sourceTree = "<group>"; };
		45CC3F991D30F6F00020CFD2 /* Assets.xcassets */ = {isa = PBXFileReference; lastKnownFileType = folder.assetcatalog; path = Assets.xcassets; sourceTree = "<group>"; };
		45CC3F9C1D30F6F00020CFD2 /* Base */ = {isa = PBXFileReference; lastKnownFileType = file.storyboard; name = Base; path = Base.lproj/LaunchScreen.storyboard; sourceTree = "<group>"; };
		45CC3F9E1D30F6F00020CFD2 /* Info.plist */ = {isa = PBXFileReference; lastKnownFileType = text.plist.xml; path = Info.plist; sourceTree = "<group>"; };
		45CC3FA31D30F6F10020CFD2 /* FireSwifferTests.xctest */ = {isa = PBXFileReference; explicitFileType = wrapper.cfbundle; includeInIndex = 0; path = FireSwifferTests.xctest; sourceTree = BUILT_PRODUCTS_DIR; };
		45CC3FA71D30F6F10020CFD2 /* FireSwifferTests.swift */ = {isa = PBXFileReference; lastKnownFileType = sourcecode.swift; path = FireSwifferTests.swift; sourceTree = "<group>"; };
		45CC3FA91D30F6F10020CFD2 /* Info.plist */ = {isa = PBXFileReference; lastKnownFileType = text.plist.xml; path = Info.plist; sourceTree = "<group>"; };
		45CC3FB21D30F7040020CFD2 /* GoogleService-Info.plist */ = {isa = PBXFileReference; fileEncoding = 4; lastKnownFileType = text.plist.xml; path = "GoogleService-Info.plist"; sourceTree = "<group>"; };
		81F45212AE52C116EDDBA35E /* Pods-FireSwiffer.debug.xcconfig */ = {isa = PBXFileReference; includeInIndex = 1; lastKnownFileType = text.xcconfig; name = "Pods-FireSwiffer.debug.xcconfig"; path = "Pods/Target Support Files/Pods-FireSwiffer/Pods-FireSwiffer.debug.xcconfig"; sourceTree = "<group>"; };
		C6BE21FDEDE6FABDB94018AC /* Pods-FireSwifferTests.debug.xcconfig */ = {isa = PBXFileReference; includeInIndex = 1; lastKnownFileType = text.xcconfig; name = "Pods-FireSwifferTests.debug.xcconfig"; path = "Pods/Target Support Files/Pods-FireSwifferTests/Pods-FireSwifferTests.debug.xcconfig"; sourceTree = "<group>"; };
/* End PBXFileReference section */

/* Begin PBXFrameworksBuildPhase section */
		45CC3F8C1D30F6F00020CFD2 /* Frameworks */ = {
			isa = PBXFrameworksBuildPhase;
			buildActionMask = 2147483647;
			files = (
				0A66D63DBE1C2B5C0F679F55 /* Pods_FireSwiffer.framework in Frameworks */,
			);
			runOnlyForDeploymentPostprocessing = 0;
		};
		45CC3FA01D30F6F10020CFD2 /* Frameworks */ = {
			isa = PBXFrameworksBuildPhase;
			buildActionMask = 2147483647;
			files = (
				F2AEFD657EFD1B598805EF60 /* Pods_FireSwifferTests.framework in Frameworks */,
			);
			runOnlyForDeploymentPostprocessing = 0;
		};
/* End PBXFrameworksBuildPhase section */

/* Begin PBXGroup section */
		45CC3F861D30F6F00020CFD2 = {
			isa = PBXGroup;
			children = (
				45CC3F911D30F6F00020CFD2 /* FireSwiffer */,
				45CC3FA61D30F6F10020CFD2 /* FireSwifferTests */,
				45CC3F901D30F6F00020CFD2 /* Products */,
				9AF7638DA45367D50F2C5BEB /* Pods */,
				F6681F47A00E9D187FB151DB /* Frameworks */,
			);
			sourceTree = "<group>";
		};
		45CC3F901D30F6F00020CFD2 /* Products */ = {
			isa = PBXGroup;
			children = (
				45CC3F8F1D30F6F00020CFD2 /* FireSwiffer.app */,
				45CC3FA31D30F6F10020CFD2 /* FireSwifferTests.xctest */,
			);
			name = Products;
			sourceTree = "<group>";
		};
		45CC3F911D30F6F00020CFD2 /* FireSwiffer */ = {
			isa = PBXGroup;
			children = (
				45CC3F921D30F6F00020CFD2 /* AppDelegate.swift */,
				45CC3F961D30F6F00020CFD2 /* Main.storyboard */,
				45CC3F991D30F6F00020CFD2 /* Assets.xcassets */,
				45CC3F9B1D30F6F00020CFD2 /* LaunchScreen.storyboard */,
				45CC3F9E1D30F6F00020CFD2 /* Info.plist */,
				45CC3FB21D30F7040020CFD2 /* GoogleService-Info.plist */,
				455E69D81D30FEBF009E40D5 /* SweetsTableViewController.swift */,
				455E69DA1D3101A1009E40D5 /* User.swift */,
				455E69DC1D3104FF009E40D5 /* Sweet.swift */,
			);
			path = FireSwiffer;
			sourceTree = "<group>";
		};
		45CC3FA61D30F6F10020CFD2 /* FireSwifferTests */ = {
			isa = PBXGroup;
			children = (
				45CC3FA71D30F6F10020CFD2 /* FireSwifferTests.swift */,
				45CC3FA91D30F6F10020CFD2 /* Info.plist */,
			);
			path = FireSwifferTests;
			sourceTree = "<group>";
		};
		9AF7638DA45367D50F2C5BEB /* Pods */ = {
			isa = PBXGroup;
			children = (
				81F45212AE52C116EDDBA35E /* Pods-FireSwiffer.debug.xcconfig */,
				26EF42AD102050B266EEF7A8 /* Pods-FireSwiffer.release.xcconfig */,
				C6BE21FDEDE6FABDB94018AC /* Pods-FireSwifferTests.debug.xcconfig */,
				250388706AE8AA03830A8D27 /* Pods-FireSwifferTests.release.xcconfig */,
			);
			name = Pods;
			sourceTree = "<group>";
		};
		F6681F47A00E9D187FB151DB /* Frameworks */ = {
			isa = PBXGroup;
			children = (
				255765613FF42D60E439B859 /* Pods_FireSwiffer.framework */,
				33A7E08C21A2BF0F6B16B901 /* Pods_FireSwifferTests.framework */,
			);
			name = Frameworks;
			sourceTree = "<group>";
		};
/* End PBXGroup section */

/* Begin PBXNativeTarget section */
		45CC3F8E1D30F6F00020CFD2 /* FireSwiffer */ = {
			isa = PBXNativeTarget;
			buildConfigurationList = 45CC3FAC1D30F6F10020CFD2 /* Build configuration list for PBXNativeTarget "FireSwiffer" */;
			buildPhases = (
				F51FF3D3602E2571D429E36E /* [CP] Check Pods Manifest.lock */,
				45CC3F8B1D30F6F00020CFD2 /* Sources */,
				45CC3F8C1D30F6F00020CFD2 /* Frameworks */,
				45CC3F8D1D30F6F00020CFD2 /* Resources */,
				E34243B93F763E00C51C04CA /* [CP] Embed Pods Frameworks */,
				12F70AE65D3EC0E0306DE741 /* [CP] Copy Pods Resources */,
			);
			buildRules = (
			);
			dependencies = (
			);
			name = FireSwiffer;
			productName = FireSwiffer;
			productReference = 45CC3F8F1D30F6F00020CFD2 /* FireSwiffer.app */;
			productType = "com.apple.product-type.application";
		};
		45CC3FA21D30F6F10020CFD2 /* FireSwifferTests */ = {
			isa = PBXNativeTarget;
			buildConfigurationList = 45CC3FAF1D30F6F10020CFD2 /* Build configuration list for PBXNativeTarget "FireSwifferTests" */;
			buildPhases = (
				8B34AD0B56E4E7ED8D5624C0 /* [CP] Check Pods Manifest.lock */,
				45CC3F9F1D30F6F10020CFD2 /* Sources */,
				45CC3FA01D30F6F10020CFD2 /* Frameworks */,
				45CC3FA11D30F6F10020CFD2 /* Resources */,
				D6B3ED88F5AD00B0E8390A2E /* [CP] Embed Pods Frameworks */,
				5352FAB8586DB4F2FB0351EA /* [CP] Copy Pods Resources */,
			);
			buildRules = (
			);
			dependencies = (
				45CC3FA51D30F6F10020CFD2 /* PBXTargetDependency */,
			);
			name = FireSwifferTests;
			productName = FireSwifferTests;
			productReference = 45CC3FA31D30F6F10020CFD2 /* FireSwifferTests.xctest */;
			productType = "com.apple.product-type.bundle.unit-test";
		};
/* End PBXNativeTarget section */

/* Begin PBXProject section */
		45CC3F871D30F6F00020CFD2 /* Project object */ = {
			isa = PBXProject;
			attributes = {
				LastSwiftUpdateCheck = 0730;
				LastUpgradeCheck = 0730;
				ORGANIZATIONNAME = kobayashi;
				TargetAttributes = {
					45CC3F8E1D30F6F00020CFD2 = {
						CreatedOnToolsVersion = 7.3.1;
					};
					45CC3FA21D30F6F10020CFD2 = {
						CreatedOnToolsVersion = 7.3.1;
						TestTargetID = 45CC3F8E1D30F6F00020CFD2;
					};
				};
			};
			buildConfigurationList = 45CC3F8A1D30F6F00020CFD2 /* Build configuration list for PBXProject "FireSwiffer" */;
			compatibilityVersion = "Xcode 3.2";
			developmentRegion = English;
			hasScannedForEncodings = 0;
			knownRegions = (
				en,
				Base,
			);
			mainGroup = 45CC3F861D30F6F00020CFD2;
			productRefGroup = 45CC3F901D30F6F00020CFD2 /* Products */;
			projectDirPath = "";
			projectRoot = "";
			targets = (
				45CC3F8E1D30F6F00020CFD2 /* FireSwiffer */,
				45CC3FA21D30F6F10020CFD2 /* FireSwifferTests */,
			);
		};
/* End PBXProject section */

/* Begin PBXResourcesBuildPhase section */
		45CC3F8D1D30F6F00020CFD2 /* Resources */ = {
			isa = PBXResourcesBuildPhase;
			buildActionMask = 2147483647;
			files = (
				45CC3F9D1D30F6F00020CFD2 /* LaunchScreen.storyboard in Resources */,
				45CC3FB31D30F7040020CFD2 /* GoogleService-Info.plist in Resources */,
				45CC3F9A1D30F6F00020CFD2 /* Assets.xcassets in Resources */,
				45CC3F981D30F6F00020CFD2 /* Main.storyboard in Resources */,
			);
			runOnlyForDeploymentPostprocessing = 0;
		};
		45CC3FA11D30F6F10020CFD2 /* Resources */ = {
			isa = PBXResourcesBuildPhase;
			buildActionMask = 2147483647;
			files = (
			);
			runOnlyForDeploymentPostprocessing = 0;
		};
/* End PBXResourcesBuildPhase section */

/* Begin PBXShellScriptBuildPhase section */
		12F70AE65D3EC0E0306DE741 /* [CP] Copy Pods Resources */ = {
			isa = PBXShellScriptBuildPhase;
			buildActionMask = 2147483647;
			files = (
			);
			inputPaths = (
			);
			name = "[CP] Copy Pods Resources";
			outputPaths = (
			);
			runOnlyForDeploymentPostprocessing = 0;
			shellPath = /bin/sh;
			shellScript = "\"${SRCROOT}/Pods/Target Support Files/Pods-FireSwiffer/Pods-FireSwiffer-resources.sh\"\n";
			showEnvVarsInLog = 0;
		};
		5352FAB8586DB4F2FB0351EA /* [CP] Copy Pods Resources */ = {
			isa = PBXShellScriptBuildPhase;
			buildActionMask = 2147483647;
			files = (
			);
			inputPaths = (
			);
			name = "[CP] Copy Pods Resources";
			outputPaths = (
			);
			runOnlyForDeploymentPostprocessing = 0;
			shellPath = /bin/sh;
			shellScript = "\"${SRCROOT}/Pods/Target Support Files/Pods-FireSwifferTests/Pods-FireSwifferTests-resources.sh\"\n";
			showEnvVarsInLog = 0;
		};
		8B34AD0B56E4E7ED8D5624C0 /* [CP] Check Pods Manifest.lock */ = {
			isa = PBXShellScriptBuildPhase;
			buildActionMask = 2147483647;
			files = (
			);
			inputPaths = (
			);
			name = "[CP] Check Pods Manifest.lock";
			outputPaths = (
			);
			runOnlyForDeploymentPostprocessing = 0;
			shellPath = /bin/sh;
			shellScript = "diff \"${PODS_ROOT}/../Podfile.lock\" \"${PODS_ROOT}/Manifest.lock\" > /dev/null\nif [[ $? != 0 ]] ; then\n    cat << EOM\nerror: The sandbox is not in sync with the Podfile.lock. Run 'pod install' or update your CocoaPods installation.\nEOM\n    exit 1\nfi\n";
			showEnvVarsInLog = 0;
		};
		D6B3ED88F5AD00B0E8390A2E /* [CP] Embed Pods Frameworks */ = {
			isa = PBXShellScriptBuildPhase;
			buildActionMask = 2147483647;
			files = (
			);
			inputPaths = (
			);
			name = "[CP] Embed Pods Frameworks";
			outputPaths = (
			);
			runOnlyForDeploymentPostprocessing = 0;
			shellPath = /bin/sh;
			shellScript = "\"${SRCROOT}/Pods/Target Support Files/Pods-FireSwifferTests/Pods-FireSwifferTests-frameworks.sh\"\n";
			showEnvVarsInLog = 0;
		};
		E34243B93F763E00C51C04CA /* [CP] Embed Pods Frameworks */ = {
			isa = PBXShellScriptBuildPhase;
			buildActionMask = 2147483647;
			files = (
			);
			inputPaths = (
			);
			name = "[CP] Embed Pods Frameworks";
			outputPaths = (
			);
			runOnlyForDeploymentPostprocessing = 0;
			shellPath = /bin/sh;
			shellScript = "\"${SRCROOT}/Pods/Target Support Files/Pods-FireSwiffer/Pods-FireSwiffer-frameworks.sh\"\n";
			showEnvVarsInLog = 0;
		};
		F51FF3D3602E2571D429E36E /* [CP] Check Pods Manifest.lock */ = {
			isa = PBXShellScriptBuildPhase;
			buildActionMask = 2147483647;
			files = (
			);
			inputPaths = (
			);
			name = "[CP] Check Pods Manifest.lock";
			outputPaths = (
			);
			runOnlyForDeploymentPostprocessing = 0;
			shellPath = /bin/sh;
			shellScript = "diff \"${PODS_ROOT}/../Podfile.lock\" \"${PODS_ROOT}/Manifest.lock\" > /dev/null\nif [[ $? != 0 ]] ; then\n    cat << EOM\nerror: The sandbox is not in sync with the Podfile.lock. Run 'pod install' or update your CocoaPods installation.\nEOM\n    exit 1\nfi\n";
			showEnvVarsInLog = 0;
		};
/* End PBXShellScriptBuildPhase section */

/* Begin PBXSourcesBuildPhase section */
		45CC3F8B1D30F6F00020CFD2 /* Sources */ = {
			isa = PBXSourcesBuildPhase;
			buildActionMask = 2147483647;
			files = (
				455E69D91D30FEBF009E40D5 /* SweetsTableViewController.swift in Sources */,
				45CC3F931D30F6F00020CFD2 /* AppDelegate.swift in Sources */,
				455E69DD1D3104FF009E40D5 /* Sweet.swift in Sources */,
				455E69DB1D3101A1009E40D5 /* User.swift in Sources */,
			);
			runOnlyForDeploymentPostprocessing = 0;
		};
		45CC3F9F1D30F6F10020CFD2 /* Sources */ = {
			isa = PBXSourcesBuildPhase;
			buildActionMask = 2147483647;
			files = (
				45CC3FA81D30F6F10020CFD2 /* FireSwifferTests.swift in Sources */,
			);
			runOnlyForDeploymentPostprocessing = 0;
		};
/* End PBXSourcesBuildPhase section */

/* Begin PBXTargetDependency section */
		45CC3FA51D30F6F10020CFD2 /* PBXTargetDependency */ = {
			isa = PBXTargetDependency;
			target = 45CC3F8E1D30F6F00020CFD2 /* FireSwiffer */;
			targetProxy = 45CC3FA41D30F6F10020CFD2 /* PBXContainerItemProxy */;
		};
/* End PBXTargetDependency section */

/* Begin PBXVariantGroup section */
		45CC3F961D30F6F00020CFD2 /* Main.storyboard */ = {
			isa = PBXVariantGroup;
			children = (
				45CC3F971D30F6F00020CFD2 /* Base */,
			);
			name = Main.storyboard;
			sourceTree = "<group>";
		};
		45CC3F9B1D30F6F00020CFD2 /* LaunchScreen.storyboard */ = {
			isa = PBXVariantGroup;
			children = (
				45CC3F9C1D30F6F00020CFD2 /* Base */,
			);
			name = LaunchScreen.storyboard;
			sourceTree = "<group>";
		};
/* End PBXVariantGroup section */

/* Begin XCBuildConfiguration section */
		45CC3FAA1D30F6F10020CFD2 /* Debug */ = {
			isa = XCBuildConfiguration;
			buildSettings = {
				ALWAYS_SEARCH_USER_PATHS = NO;
				CLANG_ANALYZER_NONNULL = YES;
				CLANG_CXX_LANGUAGE_STANDARD = "gnu++0x";
				CLANG_CXX_LIBRARY = "libc++";
				CLANG_ENABLE_MODULES = YES;
				CLANG_ENABLE_OBJC_ARC = YES;
				CLANG_WARN_BOOL_CONVERSION = YES;
				CLANG_WARN_CONSTANT_CONVERSION = YES;
				CLANG_WARN_DIRECT_OBJC_ISA_USAGE = YES_ERROR;
				CLANG_WARN_EMPTY_BODY = YES;
				CLANG_WARN_ENUM_CONVERSION = YES;
				CLANG_WARN_INT_CONVERSION = YES;
				CLANG_WARN_OBJC_ROOT_CLASS = YES_ERROR;
				CLANG_WARN_UNREACHABLE_CODE = YES;
				CLANG_WARN__DUPLICATE_METHOD_MATCH = YES;
				"CODE_SIGN_IDENTITY[sdk=iphoneos*]" = "iPhone Developer";
				COPY_PHASE_STRIP = NO;
				DEBUG_INFORMATION_FORMAT = dwarf;
				ENABLE_STRICT_OBJC_MSGSEND = YES;
				ENABLE_TESTABILITY = YES;
				GCC_C_LANGUAGE_STANDARD = gnu99;
				GCC_DYNAMIC_NO_PIC = NO;
				GCC_NO_COMMON_BLOCKS = YES;
				GCC_OPTIMIZATION_LEVEL = 0;
				GCC_PREPROCESSOR_DEFINITIONS = (
					"DEBUG=1",
					"$(inherited)",
				);
				GCC_WARN_64_TO_32_BIT_CONVERSION = YES;
				GCC_WARN_ABOUT_RETURN_TYPE = YES_ERROR;
				GCC_WARN_UNDECLARED_SELECTOR = YES;
				GCC_WARN_UNINITIALIZED_AUTOS = YES_AGGRESSIVE;
				GCC_WARN_UNUSED_FUNCTION = YES;
				GCC_WARN_UNUSED_VARIABLE = YES;
				IPHONEOS_DEPLOYMENT_TARGET = 9.3;
				MTL_ENABLE_DEBUG_INFO = YES;
				ONLY_ACTIVE_ARCH = YES;
				SDKROOT = iphoneos;
				SWIFT_OPTIMIZATION_LEVEL = "-Onone";
				TARGETED_DEVICE_FAMILY = "1,2";
			};
			name = Debug;
		};
		45CC3FAB1D30F6F10020CFD2 /* Release */ = {
			isa = XCBuildConfiguration;
			buildSettings = {
				ALWAYS_SEARCH_USER_PATHS = NO;
				CLANG_ANALYZER_NONNULL = YES;
				CLANG_CXX_LANGUAGE_STANDARD = "gnu++0x";
				CLANG_CXX_LIBRARY = "libc++";
				CLANG_ENABLE_MODULES = YES;
				CLANG_ENABLE_OBJC_ARC = YES;
				CLANG_WARN_BOOL_CONVERSION = YES;
				CLANG_WARN_CONSTANT_CONVERSION = YES;
				CLANG_WARN_DIRECT_OBJC_ISA_USAGE = YES_ERROR;
				CLANG_WARN_EMPTY_BODY = YES;
				CLANG_WARN_ENUM_CONVERSION = YES;
				CLANG_WARN_INT_CONVERSION = YES;
				CLANG_WARN_OBJC_ROOT_CLASS = YES_ERROR;
				CLANG_WARN_UNREACHABLE_CODE = YES;
				CLANG_WARN__DUPLICATE_METHOD_MATCH = YES;
				"CODE_SIGN_IDENTITY[sdk=iphoneos*]" = "iPhone Developer";
				COPY_PHASE_STRIP = NO;
				DEBUG_INFORMATION_FORMAT = "dwarf-with-dsym";
				ENABLE_NS_ASSERTIONS = NO;
				ENABLE_STRICT_OBJC_MSGSEND = YES;
				GCC_C_LANGUAGE_STANDARD = gnu99;
				GCC_NO_COMMON_BLOCKS = YES;
				GCC_WARN_64_TO_32_BIT_CONVERSION = YES;
				GCC_WARN_ABOUT_RETURN_TYPE = YES_ERROR;
				GCC_WARN_UNDECLARED_SELECTOR = YES;
				GCC_WARN_UNINITIALIZED_AUTOS = YES_AGGRESSIVE;
				GCC_WARN_UNUSED_FUNCTION = YES;
				GCC_WARN_UNUSED_VARIABLE = YES;
				IPHONEOS_DEPLOYMENT_TARGET = 9.3;
				MTL_ENABLE_DEBUG_INFO = NO;
				SDKROOT = iphoneos;
				TARGETED_DEVICE_FAMILY = "1,2";
				VALIDATE_PRODUCT = YES;
			};
			name = Release;
		};
		45CC3FAD1D30F6F10020CFD2 /* Debug */ = {
			isa = XCBuildConfiguration;
			baseConfigurationReference = 81F45212AE52C116EDDBA35E /* Pods-FireSwiffer.debug.xcconfig */;
			buildSettings = {
				ASSETCATALOG_COMPILER_APPICON_NAME = AppIcon;
				ENABLE_BITCODE = YES;
				INFOPLIST_FILE = FireSwiffer/Info.plist;
				LD_RUNPATH_SEARCH_PATHS = "$(inherited) @executable_path/Frameworks";
				PRODUCT_BUNDLE_IDENTIFIER = com.sample.FireSwiffer;
				PRODUCT_NAME = "$(TARGET_NAME)";
				SWIFT_OPTIMIZATION_LEVEL = "-Onone";
			};
			name = Debug;
		};
		45CC3FAE1D30F6F10020CFD2 /* Release */ = {
			isa = XCBuildConfiguration;
			baseConfigurationReference = 26EF42AD102050B266EEF7A8 /* Pods-FireSwiffer.release.xcconfig */;
			buildSettings = {
				ASSETCATALOG_COMPILER_APPICON_NAME = AppIcon;
				ENABLE_BITCODE = YES;
				INFOPLIST_FILE = FireSwiffer/Info.plist;
				LD_RUNPATH_SEARCH_PATHS = "$(inherited) @executable_path/Frameworks";
				PRODUCT_BUNDLE_IDENTIFIER = com.sample.FireSwiffer;
				PRODUCT_NAME = "$(TARGET_NAME)";
			};
			name = Release;
		};
		45CC3FB01D30F6F10020CFD2 /* Debug */ = {
			isa = XCBuildConfiguration;
			baseConfigurationReference = C6BE21FDEDE6FABDB94018AC /* Pods-FireSwifferTests.debug.xcconfig */;
			buildSettings = {
				BUNDLE_LOADER = "$(TEST_HOST)";
				INFOPLIST_FILE = FireSwifferTests/Info.plist;
				LD_RUNPATH_SEARCH_PATHS = "$(inherited) @executable_path/Frameworks @loader_path/Frameworks";
				PRODUCT_BUNDLE_IDENTIFIER = com.sample.FireSwifferTests;
				PRODUCT_NAME = "$(TARGET_NAME)";
				TEST_HOST = "$(BUILT_PRODUCTS_DIR)/FireSwiffer.app/FireSwiffer";
			};
			name = Debug;
		};
		45CC3FB11D30F6F10020CFD2 /* Release */ = {
			isa = XCBuildConfiguration;
			baseConfigurationReference = 250388706AE8AA03830A8D27 /* Pods-FireSwifferTests.release.xcconfig */;
			buildSettings = {
				BUNDLE_LOADER = "$(TEST_HOST)";
				INFOPLIST_FILE = FireSwifferTests/Info.plist;
				LD_RUNPATH_SEARCH_PATHS = "$(inherited) @executable_path/Frameworks @loader_path/Frameworks";
				PRODUCT_BUNDLE_IDENTIFIER = com.sample.FireSwifferTests;
				PRODUCT_NAME = "$(TARGET_NAME)";
				TEST_HOST = "$(BUILT_PRODUCTS_DIR)/FireSwiffer.app/FireSwiffer";
			};
			name = Release;
		};
/* End XCBuildConfiguration section */

/* Begin XCConfigurationList section */
		45CC3F8A1D30F6F00020CFD2 /* Build configuration list for PBXProject "FireSwiffer" */ = {
			isa = XCConfigurationList;
			buildConfigurations = (
				45CC3FAA1D30F6F10020CFD2 /* Debug */,
				45CC3FAB1D30F6F10020CFD2 /* Release */,
			);
			defaultConfigurationIsVisible = 0;
			defaultConfigurationName = Release;
		};
		45CC3FAC1D30F6F10020CFD2 /* Build configuration list for PBXNativeTarget "FireSwiffer" */ = {
			isa = XCConfigurationList;
			buildConfigurations = (
				45CC3FAD1D30F6F10020CFD2 /* Debug */,
				45CC3FAE1D30F6F10020CFD2 /* Release */,
			);
			defaultConfigurationIsVisible = 0;
			defaultConfigurationName = Release;
		};
		45CC3FAF1D30F6F10020CFD2 /* Build configuration list for PBXNativeTarget "FireSwifferTests" */ = {
			isa = XCConfigurationList;
			buildConfigurations = (
				45CC3FB01D30F6F10020CFD2 /* Debug */,
				45CC3FB11D30F6F10020CFD2 /* Release */,
			);
			defaultConfigurationIsVisible = 0;
			defaultConfigurationName = Release;
		};
/* End XCConfigurationList section */
	};
	rootObject = 45CC3F871D30F6F00020CFD2 /* Project object */;
}
